
Microsoft Visual Studio Solution File, Format Version 12.00
# Visual Studio 15
VisualStudioVersion = 15.0.27703.2047
MinimumVisualStudioVersion = 10.0.40219.1
Project("{9A19103F-16F7-4668-BE54-9A1E7A4F7556}") = "TouresCommon", "TouresCommon\TouresCommon.csproj", "{16E8DA2F-CFE3-4EE9-9099-E1CBB00C1739}"
EndProject
Project("{9A19103F-16F7-4668-BE54-9A1E7A4F7556}") = "TouresDataAccess", "TouresDataAccess\TouresDataAccess.csproj", "{CF0D942A-6214-4F7E-9E1A-595DE4F457FB}"
EndProject
Project("{9A19103F-16F7-4668-BE54-9A1E7A4F7556}") = "TouresRestExample", "TouresRestExample\TouresRestExample.csproj", "{CAFDFDCD-CACC-49AC-AF45-31D301B39181}"
EndProject
Project("{FAE04EC0-301F-11D3-BF4B-00C04F79EFBC}") = "TouresRestCustomer", "TouresRestCustomer\TouresRestCustomer.csproj", "{22EDF83F-0B1A-4E24-B931-9EC7437BC93F}"
EndProject
Global
	GlobalSection(SolutionConfigurationPlatforms) = preSolution
		Debug|Any CPU = Debug|Any CPU
		Release|Any CPU = Release|Any CPU
	EndGlobalSection
	GlobalSection(ProjectConfigurationPlatforms) = postSolution
		{16E8DA2F-CFE3-4EE9-9099-E1CBB00C1739}.Debug|Any CPU.ActiveCfg = Debug|Any CPU
		{16E8DA2F-CFE3-4EE9-9099-E1CBB00C1739}.Debug|Any CPU.Build.0 = Debug|Any CPU
		{16E8DA2F-CFE3-4EE9-9099-E1CBB00C1739}.Release|Any CPU.ActiveCfg = Release|Any CPU
		{16E8DA2F-CFE3-4EE9-9099-E1CBB00C1739}.Release|Any CPU.Build.0 = Release|Any CPU
		{CF0D942A-6214-4F7E-9E1A-595DE4F457FB}.Debug|Any CPU.ActiveCfg = Debug|Any CPU
		{CF0D942A-6214-4F7E-9E1A-595DE4F457FB}.Debug|Any CPU.Build.0 = Debug|Any CPU
		{CF0D942A-6214-4F7E-9E1A-595DE4F457FB}.Release|Any CPU.ActiveCfg = Release|Any CPU
		{CF0D942A-6214-4F7E-9E1A-595DE4F457FB}.Release|Any CPU.Build.0 = Release|Any CPU
		{CAFDFDCD-CACC-49AC-AF45-31D301B39181}.Debug|Any CPU.ActiveCfg = Debug|Any CPU
		{CAFDFDCD-CACC-49AC-AF45-31D301B39181}.Debug|Any CPU.Build.0 = Debug|Any CPU
		{CAFDFDCD-CACC-49AC-AF45-31D301B39181}.Release|Any CPU.ActiveCfg = Release|Any CPU
		{CAFDFDCD-CACC-49AC-AF45-31D301B39181}.Release|Any CPU.Build.0 = Release|Any CPU
		{22EDF83F-0B1A-4E24-B931-9EC7437BC93F}.Debug|Any CPU.ActiveCfg = Debug|Any CPU
		{22EDF83F-0B1A-4E24-B931-9EC7437BC93F}.Debug|Any CPU.Build.0 = Debug|Any CPU
		{22EDF83F-0B1A-4E24-B931-9EC7437BC93F}.Release|Any CPU.ActiveCfg = Release|Any CPU
		{22EDF83F-0B1A-4E24-B931-9EC7437BC93F}.Release|Any CPU.Build.0 = Release|Any CPU
	EndGlobalSection
	GlobalSection(SolutionProperties) = preSolution
		HideSolutionNode = FALSE
	EndGlobalSection
	GlobalSection(ExtensibilityGlobals) = postSolution
		SolutionGuid = {3C3B6E65-E696-440F-9016-DDEF9787FDE1}
	EndGlobalSection
EndGlobal
